// !$*UTF8*$!
{
	archiveVersion = 1;
	classes = {
	};
	objectVersion = 77;
	objects = {

/* Begin PBXBuildFile section */
		0FC7400029712968F3C501E2 /* MenuBarController.swift in Sources */ = {isa = PBXBuildFile; fileRef = 604B30AE4535981EF1467680 /* MenuBarController.swift */; };
		2839650D95C3C46BC14F7DAF /* CSV.swift in Sources */ = {isa = PBXBuildFile; fileRef = 899365942FEA1EEA7E3920F4 /* CSV.swift */; };
		4086E91D4343AB7AF0C165CC /* AppDelegate.swift in Sources */ = {isa = PBXBuildFile; fileRef = 325415D88E4E142B396BAC3C /* AppDelegate.swift */; };
		4A1C085D7628A8B37CD12C4E /* Models.swift in Sources */ = {isa = PBXBuildFile; fileRef = 914725E067D738B9A189BAF9 /* Models.swift */; };
		8B92ECF8872245F993C2BB8B /* ContentView.swift in Sources */ = {isa = PBXBuildFile; fileRef = DA61E67A38EA599B05924639 /* ContentView.swift */; };
		A366D3B0AD82933F60D90019 /* Assets.xcassets in Resources */ = {isa = PBXBuildFile; fileRef = 2723FE985A198A989329F1EC /* Assets.xcassets */; };
		C901366E8DCED5540022105C /* HoursappApp.swift in Sources */ = {isa = PBXBuildFile; fileRef = 6EE3E96AD447C3F249CBBE7D /* HoursappApp.swift */; };
		C9593BABA387A1A30399F5EA /* StorageTests.swift in Sources */ = {isa = PBXBuildFile; fileRef = A93F34B4395079B130275A46 /* StorageTests.swift */; };
		C97D37CF16BCA8BB8876174F /* Storage.swift in Sources */ = {isa = PBXBuildFile; fileRef = 53A7DE17B05FAC23DD027B01 /* Storage.swift */; };
		D93332AB86CBE960FEA22CA9 /* CSVTests.swift in Sources */ = {isa = PBXBuildFile; fileRef = D8ECDD404C01103BBF46A1AE /* CSVTests.swift */; };
/* End PBXBuildFile section */

/* Begin PBXContainerItemProxy section */
		8CC308D441631968632BBC0E /* PBXContainerItemProxy */ = {
			isa = PBXContainerItemProxy;
			containerPortal = 052C15B52058CACB95AA0A61 /* Project object */;
			proxyType = 1;
			remoteGlobalIDString = 15F172C1704BBEF720673FF9;
			remoteInfo = Hoursapp;
		};
/* End PBXContainerItemProxy section */

/* Begin PBXFileReference section */
		2723FE985A198A989329F1EC /* Assets.xcassets */ = {isa = PBXFileReference; lastKnownFileType = folder.assetcatalog; path = Assets.xcassets; sourceTree = "<group>"; };
		325415D88E4E142B396BAC3C /* AppDelegate.swift */ = {isa = PBXFileReference; lastKnownFileType = sourcecode.swift; path = AppDelegate.swift; sourceTree = "<group>"; };
		40AF4B24886816E74D211668 /* Hoursapp.entitlements */ = {isa = PBXFileReference; lastKnownFileType = text.plist.entitlements; path = Hoursapp.entitlements; sourceTree = "<group>"; };
		53A7DE17B05FAC23DD027B01 /* Storage.swift */ = {isa = PBXFileReference; lastKnownFileType = sourcecode.swift; path = Storage.swift; sourceTree = "<group>"; };
		5804DCDC71B500337E741660 /* Info.plist */ = {isa = PBXFileReference; lastKnownFileType = text.plist; path = Info.plist; sourceTree = "<group>"; };
		604B30AE4535981EF1467680 /* MenuBarController.swift */ = {isa = PBXFileReference; lastKnownFileType = sourcecode.swift; path = MenuBarController.swift; sourceTree = "<group>"; };
		6EE3E96AD447C3F249CBBE7D /* HoursappApp.swift */ = {isa = PBXFileReference; lastKnownFileType = sourcecode.swift; path = HoursappApp.swift; sourceTree = "<group>"; };
		7E423F04005A83FE96D8F3D2 /* Hoursapp.app */ = {isa = PBXFileReference; explicitFileType = wrapper.application; includeInIndex = 0; path = Hoursapp.app; sourceTree = BUILT_PRODUCTS_DIR; };
		899365942FEA1EEA7E3920F4 /* CSV.swift */ = {isa = PBXFileReference; lastKnownFileType = sourcecode.swift; path = CSV.swift; sourceTree = "<group>"; };
		914725E067D738B9A189BAF9 /* Models.swift */ = {isa = PBXFileReference; lastKnownFileType = sourcecode.swift; path = Models.swift; sourceTree = "<group>"; };
		A93F34B4395079B130275A46 /* StorageTests.swift */ = {isa = PBXFileReference; lastKnownFileType = sourcecode.swift; path = StorageTests.swift; sourceTree = "<group>"; };
		D8CFE355A4CD538A7A547BFC /* HoursappTests.xctest */ = {isa = PBXFileReference; explicitFileType = wrapper.cfbundle; includeInIndex = 0; path = HoursappTests.xctest; sourceTree = BUILT_PRODUCTS_DIR; };
		D8ECDD404C01103BBF46A1AE /* CSVTests.swift */ = {isa = PBXFileReference; lastKnownFileType = sourcecode.swift; path = CSVTests.swift; sourceTree = "<group>"; };
		DA61E67A38EA599B05924639 /* ContentView.swift */ = {isa = PBXFileReference; lastKnownFileType = sourcecode.swift; path = ContentView.swift; sourceTree = "<group>"; };
/* End PBXFileReference section */

/* Begin PBXGroup section */
		78307D18A12B940C21F1D511 /* Hoursapp */ = {
			isa = PBXGroup;
			children = (
				325415D88E4E142B396BAC3C /* AppDelegate.swift */,
				2723FE985A198A989329F1EC /* Assets.xcassets */,
				DA61E67A38EA599B05924639 /* ContentView.swift */,
				899365942FEA1EEA7E3920F4 /* CSV.swift */,
				40AF4B24886816E74D211668 /* Hoursapp.entitlements */,
				6EE3E96AD447C3F249CBBE7D /* HoursappApp.swift */,
				5804DCDC71B500337E741660 /* Info.plist */,
				604B30AE4535981EF1467680 /* MenuBarController.swift */,
				914725E067D738B9A189BAF9 /* Models.swift */,
				53A7DE17B05FAC23DD027B01 /* Storage.swift */,
			);
			path = Hoursapp;
			sourceTree = "<group>";
		};
		C40F3828F22E4B513129FF04 = {
			isa = PBXGroup;
			children = (
				78307D18A12B940C21F1D511 /* Hoursapp */,
				F2124CE4E4F8281CBDF16E39 /* HoursappTests */,
				EC7B11E789F69490A96D5E79 /* Products */,
			);
			sourceTree = "<group>";
		};
		EC7B11E789F69490A96D5E79 /* Products */ = {
			isa = PBXGroup;
			children = (
				7E423F04005A83FE96D8F3D2 /* Hoursapp.app */,
				D8CFE355A4CD538A7A547BFC /* HoursappTests.xctest */,
			);
			name = Products;
			sourceTree = "<group>";
		};
		F2124CE4E4F8281CBDF16E39 /* HoursappTests */ = {
			isa = PBXGroup;
			children = (
				D8ECDD404C01103BBF46A1AE /* CSVTests.swift */,
				A93F34B4395079B130275A46 /* StorageTests.swift */,
			);
			path = HoursappTests;
			sourceTree = "<group>";
		};
/* End PBXGroup section */

/* Begin PBXNativeTarget section */
		15F172C1704BBEF720673FF9 /* Hoursapp */ = {
			isa = PBXNativeTarget;
			buildConfigurationList = 401611A00CB031F483D10071 /* Build configuration list for PBXNativeTarget "Hoursapp" */;
			buildPhases = (
				57F36459508C73C3DCAD5242 /* Sources */,
				BB846A19E538D3CBBC1DA204 /* Resources */,
			);
			buildRules = (
			);
			dependencies = (
			);
			name = Hoursapp;
			packageProductDependencies = (
			);
			productName = Hoursapp;
			productReference = 7E423F04005A83FE96D8F3D2 /* Hoursapp.app */;
			productType = "com.apple.product-type.application";
		};
		CB930398B2D57CD75EB6722B /* HoursappTests */ = {
			isa = PBXNativeTarget;
			buildConfigurationList = 9008E544EA9CF4EEFB3FC832 /* Build configuration list for PBXNativeTarget "HoursappTests" */;
			buildPhases = (
				96E68D9D4CEC432B4B7F8B78 /* Sources */,
			);
			buildRules = (
			);
			dependencies = (
				3370BF71D4364E57BA4C7F51 /* PBXTargetDependency */,
			);
			name = HoursappTests;
			packageProductDependencies = (
			);
			productName = HoursappTests;
			productReference = D8CFE355A4CD538A7A547BFC /* HoursappTests.xctest */;
			productType = "com.apple.product-type.bundle.unit-test";
		};
/* End PBXNativeTarget section */

/* Begin PBXProject section */
		052C15B52058CACB95AA0A61 /* Project object */ = {
			isa = PBXProject;
			attributes = {
				BuildIndependentTargetsInParallel = YES;
				LastUpgradeCheck = 1430;
				TargetAttributes = {
					15F172C1704BBEF720673FF9 = {
						DevelopmentTeam = "";
						ProvisioningStyle = Automatic;
					};
					CB930398B2D57CD75EB6722B = {
						DevelopmentTeam = "";
						ProvisioningStyle = Automatic;
					};
				};
			};
			buildConfigurationList = 5A491F6EECC89BE3ED9BE6BD /* Build configuration list for PBXProject "Hoursapp" */;
			developmentRegion = en;
			hasScannedForEncodings = 0;
			knownRegions = (
				Base,
				en,
			);
			mainGroup = C40F3828F22E4B513129FF04;
			minimizedProjectReferenceProxies = 1;
			preferredProjectObjectVersion = 77;
			productRefGroup = EC7B11E789F69490A96D5E79 /* Products */;
			projectDirPath = "";
			projectRoot = "";
			targets = (
				15F172C1704BBEF720673FF9 /* Hoursapp */,
				CB930398B2D57CD75EB6722B /* HoursappTests */,
			);
		};
/* End PBXProject section */

/* Begin PBXResourcesBuildPhase section */
		BB846A19E538D3CBBC1DA204 /* Resources */ = {
			isa = PBXResourcesBuildPhase;
			buildActionMask = 2147483647;
			files = (
				A366D3B0AD82933F60D90019 /* Assets.xcassets in Resources */,
			);
			runOnlyForDeploymentPostprocessing = 0;
		};
/* End PBXResourcesBuildPhase section */

/* Begin PBXSourcesBuildPhase section */
		57F36459508C73C3DCAD5242 /* Sources */ = {
			isa = PBXSourcesBuildPhase;
			buildActionMask = 2147483647;
			files = (
				4086E91D4343AB7AF0C165CC /* AppDelegate.swift in Sources */,
				2839650D95C3C46BC14F7DAF /* CSV.swift in Sources */,
				8B92ECF8872245F993C2BB8B /* ContentView.swift in Sources */,
				C901366E8DCED5540022105C /* HoursappApp.swift in Sources */,
				0FC7400029712968F3C501E2 /* MenuBarController.swift in Sources */,
				4A1C085D7628A8B37CD12C4E /* Models.swift in Sources */,
				C97D37CF16BCA8BB8876174F /* Storage.swift in Sources */,
			);
			runOnlyForDeploymentPostprocessing = 0;
		};
		96E68D9D4CEC432B4B7F8B78 /* Sources */ = {
			isa = PBXSourcesBuildPhase;
			buildActionMask = 2147483647;
			files = (
				D93332AB86CBE960FEA22CA9 /* CSVTests.swift in Sources */,
				C9593BABA387A1A30399F5EA /* StorageTests.swift in Sources */,
			);
			runOnlyForDeploymentPostprocessing = 0;
		};
/* End PBXSourcesBuildPhase section */

/* Begin PBXTargetDependency section */
		3370BF71D4364E57BA4C7F51 /* PBXTargetDependency */ = {
			isa = PBXTargetDependency;
			target = 15F172C1704BBEF720673FF9 /* Hoursapp */;
			targetProxy = 8CC308D441631968632BBC0E /* PBXContainerItemProxy */;
		};
/* End PBXTargetDependency section */

/* Begin XCBuildConfiguration section */
		55ABD5874F9415D95B1E4264 /* Debug */ = {
			isa = XCBuildConfiguration;
			buildSettings = {
				ALWAYS_SEARCH_USER_PATHS = NO;
				CLANG_ANALYZER_NONNULL = YES;
				CLANG_ANALYZER_NUMBER_OBJECT_CONVERSION = YES_AGGRESSIVE;
				CLANG_CXX_LANGUAGE_STANDARD = "gnu++14";
				CLANG_CXX_LIBRARY = "libc++";
				CLANG_ENABLE_MODULES = YES;
				CLANG_ENABLE_OBJC_ARC = YES;
				CLANG_ENABLE_OBJC_WEAK = YES;
				CLANG_WARN_BLOCK_CAPTURE_AUTORELEASING = YES;
				CLANG_WARN_BOOL_CONVERSION = YES;
				CLANG_WARN_COMMA = YES;
				CLANG_WARN_CONSTANT_CONVERSION = YES;
				CLANG_WARN_DEPRECATED_OBJC_IMPLEMENTATIONS = YES;
				CLANG_WARN_DIRECT_OBJC_ISA_USAGE = YES_ERROR;
				CLANG_WARN_DOCUMENTATION_COMMENTS = YES;
				CLANG_WARN_EMPTY_BODY = YES;
				CLANG_WARN_ENUM_CONVERSION = YES;
				CLANG_WARN_INFINITE_RECURSION = YES;
				CLANG_WARN_INT_CONVERSION = YES;
				CLANG_WARN_NON_LITERAL_NULL_CONVERSION = YES;
				CLANG_WARN_OBJC_IMPLICIT_RETAIN_SELF = YES;
				CLANG_WARN_OBJC_LITERAL_CONVERSION = YES;
				CLANG_WARN_OBJC_ROOT_CLASS = YES_ERROR;
				CLANG_WARN_QUOTED_INCLUDE_IN_FRAMEWORK_HEADER = YES;
				CLANG_WARN_RANGE_LOOP_ANALYSIS = YES;
				CLANG_WARN_STRICT_PROTOTYPES = YES;
				CLANG_WARN_SUSPICIOUS_MOVE = YES;
				CLANG_WARN_UNGUARDED_AVAILABILITY = YES_AGGRESSIVE;
				CLANG_WARN_UNREACHABLE_CODE = YES;
				CLANG_WARN__DUPLICATE_METHOD_MATCH = YES;
				CODE_SIGN_IDENTITY = "-";
				CODE_SIGN_STYLE = Automatic;
				COPY_PHASE_STRIP = NO;
				DEBUG_INFORMATION_FORMAT = dwarf;
				DEVELOPMENT_TEAM = "";
				ENABLE_HARDENED_RUNTIME = YES;
				ENABLE_STRICT_OBJC_MSGSEND = YES;
				ENABLE_TESTABILITY = YES;
				GCC_C_LANGUAGE_STANDARD = gnu11;
				GCC_DYNAMIC_NO_PIC = NO;
				GCC_NO_COMMON_BLOCKS = YES;
				GCC_OPTIMIZATION_LEVEL = 0;
				GCC_PREPROCESSOR_DEFINITIONS = (
					"$(inherited)",
					"DEBUG=1",
				);
				GCC_WARN_64_TO_32_BIT_CONVERSION = YES;
				GCC_WARN_ABOUT_RETURN_TYPE = YES_ERROR;
				GCC_WARN_UNDECLARED_SELECTOR = YES;
				GCC_WARN_UNINITIALIZED_AUTOS = YES_AGGRESSIVE;
				GCC_WARN_UNUSED_FUNCTION = YES;
				GCC_WARN_UNUSED_VARIABLE = YES;
				MACOSX_DEPLOYMENT_TARGET = 14.0;
				MTL_ENABLE_DEBUG_INFO = INCLUDE_SOURCE;
				MTL_FAST_MATH = YES;
				ONLY_ACTIVE_ARCH = YES;
				PRODUCT_NAME = "$(TARGET_NAME)";
				SDKROOT = macosx;
				SWIFT_ACTIVE_COMPILATION_CONDITIONS = DEBUG;
				SWIFT_OPTIMIZATION_LEVEL = "-Onone";
				SWIFT_VERSION = 5.10;
			};
			name = Debug;
		};
		573040A05C0EC8A85E355C6B /* Debug */ = {
			isa = XCBuildConfiguration;
			buildSettings = {
				ASSETCATALOG_COMPILER_APPICON_NAME = AppIcon;
				CODE_SIGN_ENTITLEMENTS = Hoursapp/Hoursapp.entitlements;
				COMBINE_HIDPI_IMAGES = YES;
				ENABLE_PREVIEWS = YES;
				GENERATE_INFOPLIST_FILE = NO;
				INFOPLIST_FILE = Hoursapp/Info.plist;
				LD_RUNPATH_SEARCH_PATHS = "$(inherited) @executable_path/../Frameworks";
				PRODUCT_BUNDLE_IDENTIFIER = com.mikko.hoursapp;
				SDKROOT = macosx;
			};
			name = Debug;
		};
		5EC7832EB8BB8BB0D107359B /* Release */ = {
			isa = XCBuildConfiguration;
			buildSettings = {
				ALWAYS_SEARCH_USER_PATHS = NO;
				CLANG_ANALYZER_NONNULL = YES;
				CLANG_ANALYZER_NUMBER_OBJECT_CONVERSION = YES_AGGRESSIVE;
				CLANG_CXX_LANGUAGE_STANDARD = "gnu++14";
				CLANG_CXX_LIBRARY = "libc++";
				CLANG_ENABLE_MODULES = YES;
				CLANG_ENABLE_OBJC_ARC = YES;
				CLANG_ENABLE_OBJC_WEAK = YES;
				CLANG_WARN_BLOCK_CAPTURE_AUTORELEASING = YES;
				CLANG_WARN_BOOL_CONVERSION = YES;
				CLANG_WARN_COMMA = YES;
				CLANG_WARN_CONSTANT_CONVERSION = YES;
				CLANG_WARN_DEPRECATED_OBJC_IMPLEMENTATIONS = YES;
				CLANG_WARN_DIRECT_OBJC_ISA_USAGE = YES_ERROR;
				CLANG_WARN_DOCUMENTATION_COMMENTS = YES;
				CLANG_WARN_EMPTY_BODY = YES;
				CLANG_WARN_ENUM_CONVERSION = YES;
				CLANG_WARN_INFINITE_RECURSION = YES;
				CLANG_WARN_INT_CONVERSION = YES;
				CLANG_WARN_NON_LITERAL_NULL_CONVERSION = YES;
				CLANG_WARN_OBJC_IMPLICIT_RETAIN_SELF = YES;
				CLANG_WARN_OBJC_LITERAL_CONVERSION = YES;
				CLANG_WARN_OBJC_ROOT_CLASS = YES_ERROR;
				CLANG_WARN_QUOTED_INCLUDE_IN_FRAMEWORK_HEADER = YES;
				CLANG_WARN_RANGE_LOOP_ANALYSIS = YES;
				CLANG_WARN_STRICT_PROTOTYPES = YES;
				CLANG_WARN_SUSPICIOUS_MOVE = YES;
				CLANG_WARN_UNGUARDED_AVAILABILITY = YES_AGGRESSIVE;
				CLANG_WARN_UNREACHABLE_CODE = YES;
				CLANG_WARN__DUPLICATE_METHOD_MATCH = YES;
				CODE_SIGN_IDENTITY = "-";
				CODE_SIGN_STYLE = Automatic;
				COPY_PHASE_STRIP = NO;
				DEBUG_INFORMATION_FORMAT = "dwarf-with-dsym";
				DEVELOPMENT_TEAM = "";
				ENABLE_HARDENED_RUNTIME = YES;
				ENABLE_NS_ASSERTIONS = NO;
				ENABLE_STRICT_OBJC_MSGSEND = YES;
				GCC_C_LANGUAGE_STANDARD = gnu11;
				GCC_NO_COMMON_BLOCKS = YES;
				GCC_WARN_64_TO_32_BIT_CONVERSION = YES;
				GCC_WARN_ABOUT_RETURN_TYPE = YES_ERROR;
				GCC_WARN_UNDECLARED_SELECTOR = YES;
				GCC_WARN_UNINITIALIZED_AUTOS = YES_AGGRESSIVE;
				GCC_WARN_UNUSED_FUNCTION = YES;
				GCC_WARN_UNUSED_VARIABLE = YES;
				MACOSX_DEPLOYMENT_TARGET = 14.0;
				MTL_ENABLE_DEBUG_INFO = NO;
				MTL_FAST_MATH = YES;
				PRODUCT_NAME = "$(TARGET_NAME)";
				SDKROOT = macosx;
				SWIFT_COMPILATION_MODE = wholemodule;
				SWIFT_OPTIMIZATION_LEVEL = "-O";
				SWIFT_VERSION = 5.10;
			};
			name = Release;
		};
		7D4B4163E8D9E52C5A9CCF27 /* Release */ = {
			isa = XCBuildConfiguration;
			buildSettings = {
				ASSETCATALOG_COMPILER_APPICON_NAME = AppIcon;
				CODE_SIGN_ENTITLEMENTS = Hoursapp/Hoursapp.entitlements;
				COMBINE_HIDPI_IMAGES = YES;
				ENABLE_PREVIEWS = YES;
				GENERATE_INFOPLIST_FILE = NO;
				INFOPLIST_FILE = Hoursapp/Info.plist;
				LD_RUNPATH_SEARCH_PATHS = "$(inherited) @executable_path/../Frameworks";
				PRODUCT_BUNDLE_IDENTIFIER = com.mikko.hoursapp;
				SDKROOT = macosx;
			};
			name = Release;
		};
		848D86CACB6C633CD56AC691 /* Release */ = {
			isa = XCBuildConfiguration;
			buildSettings = {
				BUNDLE_LOADER = "$(TEST_HOST)";
				COMBINE_HIDPI_IMAGES = YES;
				GENERATE_INFOPLIST_FILE = YES;
				LD_RUNPATH_SEARCH_PATHS = (
					"$(inherited)",
					"@executable_path/../Frameworks",
					"@loader_path/../Frameworks",
				);
				PRODUCT_BUNDLE_IDENTIFIER = com.mikko.hoursapp.tests;
				SDKROOT = macosx;
				TEST_HOST = "$(BUILT_PRODUCTS_DIR)/Hoursapp.app/Contents/MacOS/Hoursapp";
			};
			name = Release;
		};
		A564B25FE2D4A4A42750F942 /* Debug */ = {
			isa = XCBuildConfiguration;
			buildSettings = {
				BUNDLE_LOADER = "$(TEST_HOST)";
				COMBINE_HIDPI_IMAGES = YES;
				GENERATE_INFOPLIST_FILE = YES;
				LD_RUNPATH_SEARCH_PATHS = (
					"$(inherited)",
					"@executable_path/../Frameworks",
					"@loader_path/../Frameworks",
				);
				PRODUCT_BUNDLE_IDENTIFIER = com.mikko.hoursapp.tests;
				SDKROOT = macosx;
				TEST_HOST = "$(BUILT_PRODUCTS_DIR)/Hoursapp.app/Contents/MacOS/Hoursapp";
			};
			name = Debug;
		};
/* End XCBuildConfiguration section */

/* Begin XCConfigurationList section */
		401611A00CB031F483D10071 /* Build configuration list for PBXNativeTarget "Hoursapp" */ = {
			isa = XCConfigurationList;
			buildConfigurations = (
				573040A05C0EC8A85E355C6B /* Debug */,
				7D4B4163E8D9E52C5A9CCF27 /* Release */,
			);
			defaultConfigurationIsVisible = 0;
			defaultConfigurationName = Debug;
		};
		5A491F6EECC89BE3ED9BE6BD /* Build configuration list for PBXProject "Hoursapp" */ = {
			isa = XCConfigurationList;
			buildConfigurations = (
				55ABD5874F9415D95B1E4264 /* Debug */,
				5EC7832EB8BB8BB0D107359B /* Release */,
			);
			defaultConfigurationIsVisible = 0;
			defaultConfigurationName = Debug;
		};
		9008E544EA9CF4EEFB3FC832 /* Build configuration list for PBXNativeTarget "HoursappTests" */ = {
			isa = XCConfigurationList;
			buildConfigurations = (
				A564B25FE2D4A4A42750F942 /* Debug */,
				848D86CACB6C633CD56AC691 /* Release */,
			);
			defaultConfigurationIsVisible = 0;
			defaultConfigurationName = Debug;
		};
/* End XCConfigurationList section */
	};
	rootObject = 052C15B52058CACB95AA0A61 /* Project object */;
}
