// !$*UTF8*$!
{
	archiveVersion = 1;
	classes = {
	};
	objectVersion = 77;
	objects = {

/* Begin PBXBuildFile section */
		07290D1FFFF28F5D9F029391 /* DetectorEngineTests.swift in Sources */ = {isa = PBXBuildFile; fileRef = 65C7C704E808FF15408DE5C7 /* DetectorEngineTests.swift */; };
		083750E2CF7C20A38307952C /* DayViewModel.swift in Sources */ = {isa = PBXBuildFile; fileRef = 219FE6AC1ED5702087A4C454 /* DayViewModel.swift */; };
		0DD66434492EDE731E45B9F7 /* IdleDetector.swift in Sources */ = {isa = PBXBuildFile; fileRef = 4F0E09E6EA9D7C31BBA66D3C /* IdleDetector.swift */; };
		0FC7400029712968F3C501E2 /* MenuBarController.swift in Sources */ = {isa = PBXBuildFile; fileRef = 604B30AE4535981EF1467680 /* MenuBarController.swift */; };
		248F2A8BF50E8876BF987CD4 /* EntrySheet.swift in Sources */ = {isa = PBXBuildFile; fileRef = 0285268E0845ABE709CB5219 /* EntrySheet.swift */; };
		30F2E7C9A002F2899F13B3D2 /* XlsxWorkbook.swift in Sources */ = {isa = PBXBuildFile; fileRef = E70A41AEE296188BD7D8797F /* XlsxWorkbook.swift */; };
		33B5A21D9E223A1C341EBCB9 /* LongRunDetector.swift in Sources */ = {isa = PBXBuildFile; fileRef = 5680C4E0E4202428788A718B /* LongRunDetector.swift */; };
		345D76F0DDD5EF60F457E170 /* XlsxWorkbookTests.swift in Sources */ = {isa = PBXBuildFile; fileRef = 45A1DA3BDDAEB03E8F59F9CC /* XlsxWorkbookTests.swift */; };
		38025F5FC36DE36AEDC4AF5A /* StorageTimerTests.swift in Sources */ = {isa = PBXBuildFile; fileRef = A57C68494BF91EF495295754 /* StorageTimerTests.swift */; };
		4086E91D4343AB7AF0C165CC /* AppDelegate.swift in Sources */ = {isa = PBXBuildFile; fileRef = 325415D88E4E142B396BAC3C /* AppDelegate.swift */; };
		44285143C91C50F9BC52BBCC /* GRDB in Frameworks */ = {isa = PBXBuildFile; productRef = 6F490FAD032D025AE9300D50 /* GRDB */; };
		48AF3619957891599F537139 /* Migrations.swift in Sources */ = {isa = PBXBuildFile; fileRef = E7BB88516389BC53819188C4 /* Migrations.swift */; };
		4A1C085D7628A8B37CD12C4E /* Models.swift in Sources */ = {isa = PBXBuildFile; fileRef = 914725E067D738B9A189BAF9 /* Models.swift */; };
		5882160E582579CE2931F4E7 /* LaunchAtLogin.swift in Sources */ = {isa = PBXBuildFile; fileRef = 8A0D162DF65F3D7DC3BD1BB4 /* LaunchAtLogin.swift */; };
		5E4F9CA59E1FB22CF0750077 /* TimeFormatTests.swift in Sources */ = {isa = PBXBuildFile; fileRef = 951F931C6F92B8C079E4A47C /* TimeFormatTests.swift */; };
		61C5D6552A77851B0839573B /* HoursDatabaseTests.swift in Sources */ = {isa = PBXBuildFile; fileRef = 67193C32403CE0B586366A05 /* HoursDatabaseTests.swift */; };
		6D9F56D26C2CDF9F30FAA4EE /* ExportDialog.swift in Sources */ = {isa = PBXBuildFile; fileRef = 011B9E754354332F0F7419C0 /* ExportDialog.swift */; };
		6F47A6992768F90643D0807B /* ExcelExporter.swift in Sources */ = {isa = PBXBuildFile; fileRef = CAADBEF349FF8C47940238E2 /* ExcelExporter.swift */; };
		734D07058BE04467FCAB9EC3 /* HoursDatabase.swift in Sources */ = {isa = PBXBuildFile; fileRef = B326BF736AF66D06AAA18929 /* HoursDatabase.swift */; };
		8B92ECF8872245F993C2BB8B /* ContentView.swift in Sources */ = {isa = PBXBuildFile; fileRef = DA61E67A38EA599B05924639 /* ContentView.swift */; };
		90C994774BA0C8826D9023CD /* SettingsWindowController.swift in Sources */ = {isa = PBXBuildFile; fileRef = DD7E0C26F2E8E0E320BF7DBE /* SettingsWindowController.swift */; };
		93B601D9AF9910794970A252 /* TestSupport.swift in Sources */ = {isa = PBXBuildFile; fileRef = 9237BB14AA22FFB618311C0C /* TestSupport.swift */; };
		9A295A83C3BD5222495F55B4 /* Theme.swift in Sources */ = {isa = PBXBuildFile; fileRef = 20DFC7E015F2F76D556536AA /* Theme.swift */; };
		9AFE7E4BECBEC39C95EDBA3F /* ExportPeriod.swift in Sources */ = {isa = PBXBuildFile; fileRef = 9B1F48D48EDEB48E10754CF8 /* ExportPeriod.swift */; };
		9FC317AFF84159A753A5E267 /* SleepWatcher.swift in Sources */ = {isa = PBXBuildFile; fileRef = C5BABBF77FDF071835F34476 /* SleepWatcher.swift */; };
		A366D3B0AD82933F60D90019 /* Assets.xcassets in Resources */ = {isa = PBXBuildFile; fileRef = 2723FE985A198A989329F1EC /* Assets.xcassets */; };
		A44379608BFE456B040B6A64 /* ZIPFoundation in Frameworks */ = {isa = PBXBuildFile; productRef = E66F2F0468675A8A4CCA1358 /* ZIPFoundation */; };
		C2B6E05463F23F3CD94C41C0 /* DetectorEngines.swift in Sources */ = {isa = PBXBuildFile; fileRef = 621D7CD39DB6CA6B8CC87503 /* DetectorEngines.swift */; };
		C7CC5FC96148C585F7004487 /* HoursInputTests.swift in Sources */ = {isa = PBXBuildFile; fileRef = E54DAB4982A8053AC9857F5B /* HoursInputTests.swift */; };
		C901366E8DCED5540022105C /* HoursappApp.swift in Sources */ = {isa = PBXBuildFile; fileRef = 6EE3E96AD447C3F249CBBE7D /* HoursappApp.swift */; };
		C9593BABA387A1A30399F5EA /* StorageTests.swift in Sources */ = {isa = PBXBuildFile; fileRef = A93F34B4395079B130275A46 /* StorageTests.swift */; };
		C97D37CF16BCA8BB8876174F /* Storage.swift in Sources */ = {isa = PBXBuildFile; fileRef = 53A7DE17B05FAC23DD027B01 /* Storage.swift */; };
		D66A11094CAA5B8A4DFFDC9B /* DayViewModelTests.swift in Sources */ = {isa = PBXBuildFile; fileRef = 87625A2F0AC365503C88560B /* DayViewModelTests.swift */; };
		D9D092F811CAE2F31A466264 /* Records.swift in Sources */ = {isa = PBXBuildFile; fileRef = 139952800A10A624ED10D3A6 /* Records.swift */; };
		DA9DD3D0F4AF4178696585A1 /* AppPreferences.swift in Sources */ = {isa = PBXBuildFile; fileRef = 1A780A2E2AEFAB77F4703040 /* AppPreferences.swift */; };
		EF2D417239FC1EF9BE6C021F /* ZIPFoundation in Frameworks */ = {isa = PBXBuildFile; productRef = 93E100FF53184C615DEA7073 /* ZIPFoundation */; };
		EFACFD51D6E22BAFAB7C4EBD /* SettingsView.swift in Sources */ = {isa = PBXBuildFile; fileRef = D663E54A0487AAF52CAA4798 /* SettingsView.swift */; };
		FDA05055CD42168B218C9266 /* GRDB in Frameworks */ = {isa = PBXBuildFile; productRef = 9013E1F1EA3B6E5B072593FB /* GRDB */; };
		FF17F0D936ED2FF99CBCD6CA /* ExcelExporterTests.swift in Sources */ = {isa = PBXBuildFile; fileRef = 2FC5BBFD6ACA0753C2A599AB /* ExcelExporterTests.swift */; };
/* End PBXBuildFile section */

/* Begin PBXContainerItemProxy section */
		8CC308D441631968632BBC0E /* PBXContainerItemProxy */ = {
			isa = PBXContainerItemProxy;
			containerPortal = 052C15B52058CACB95AA0A61 /* Project object */;
			proxyType = 1;
			remoteGlobalIDString = 15F172C1704BBEF720673FF9;
			remoteInfo = Hoursapp;
		};
/* End PBXContainerItemProxy section */

/* Begin PBXFileReference section */
		011B9E754354332F0F7419C0 /* ExportDialog.swift */ = {isa = PBXFileReference; lastKnownFileType = sourcecode.swift; path = ExportDialog.swift; sourceTree = "<group>"; };
		0285268E0845ABE709CB5219 /* EntrySheet.swift */ = {isa = PBXFileReference; lastKnownFileType = sourcecode.swift; path = EntrySheet.swift; sourceTree = "<group>"; };
		139952800A10A624ED10D3A6 /* Records.swift */ = {isa = PBXFileReference; lastKnownFileType = sourcecode.swift; path = Records.swift; sourceTree = "<group>"; };
		1A780A2E2AEFAB77F4703040 /* AppPreferences.swift */ = {isa = PBXFileReference; lastKnownFileType = sourcecode.swift; path = AppPreferences.swift; sourceTree = "<group>"; };
		20DFC7E015F2F76D556536AA /* Theme.swift */ = {isa = PBXFileReference; lastKnownFileType = sourcecode.swift; path = Theme.swift; sourceTree = "<group>"; };
		219FE6AC1ED5702087A4C454 /* DayViewModel.swift */ = {isa = PBXFileReference; lastKnownFileType = sourcecode.swift; path = DayViewModel.swift; sourceTree = "<group>"; };
		2723FE985A198A989329F1EC /* Assets.xcassets */ = {isa = PBXFileReference; lastKnownFileType = folder.assetcatalog; path = Assets.xcassets; sourceTree = "<group>"; };
		2FC5BBFD6ACA0753C2A599AB /* ExcelExporterTests.swift */ = {isa = PBXFileReference; lastKnownFileType = sourcecode.swift; path = ExcelExporterTests.swift; sourceTree = "<group>"; };
		325415D88E4E142B396BAC3C /* AppDelegate.swift */ = {isa = PBXFileReference; lastKnownFileType = sourcecode.swift; path = AppDelegate.swift; sourceTree = "<group>"; };
		40AF4B24886816E74D211668 /* Hoursapp.entitlements */ = {isa = PBXFileReference; lastKnownFileType = text.plist.entitlements; path = Hoursapp.entitlements; sourceTree = "<group>"; };
		45A1DA3BDDAEB03E8F59F9CC /* XlsxWorkbookTests.swift */ = {isa = PBXFileReference; lastKnownFileType = sourcecode.swift; path = XlsxWorkbookTests.swift; sourceTree = "<group>"; };
		4F0E09E6EA9D7C31BBA66D3C /* IdleDetector.swift */ = {isa = PBXFileReference; lastKnownFileType = sourcecode.swift; path = IdleDetector.swift; sourceTree = "<group>"; };
		53A7DE17B05FAC23DD027B01 /* Storage.swift */ = {isa = PBXFileReference; lastKnownFileType = sourcecode.swift; path = Storage.swift; sourceTree = "<group>"; };
		5680C4E0E4202428788A718B /* LongRunDetector.swift */ = {isa = PBXFileReference; lastKnownFileType = sourcecode.swift; path = LongRunDetector.swift; sourceTree = "<group>"; };
		5804DCDC71B500337E741660 /* Info.plist */ = {isa = PBXFileReference; lastKnownFileType = text.plist; path = Info.plist; sourceTree = "<group>"; };
		604B30AE4535981EF1467680 /* MenuBarController.swift */ = {isa = PBXFileReference; lastKnownFileType = sourcecode.swift; path = MenuBarController.swift; sourceTree = "<group>"; };
		621D7CD39DB6CA6B8CC87503 /* DetectorEngines.swift */ = {isa = PBXFileReference; lastKnownFileType = sourcecode.swift; path = DetectorEngines.swift; sourceTree = "<group>"; };
		65C7C704E808FF15408DE5C7 /* DetectorEngineTests.swift */ = {isa = PBXFileReference; lastKnownFileType = sourcecode.swift; path = DetectorEngineTests.swift; sourceTree = "<group>"; };
		67193C32403CE0B586366A05 /* HoursDatabaseTests.swift */ = {isa = PBXFileReference; lastKnownFileType = sourcecode.swift; path = HoursDatabaseTests.swift; sourceTree = "<group>"; };
		6EE3E96AD447C3F249CBBE7D /* HoursappApp.swift */ = {isa = PBXFileReference; lastKnownFileType = sourcecode.swift; path = HoursappApp.swift; sourceTree = "<group>"; };
		7E423F04005A83FE96D8F3D2 /* Hoursapp.app */ = {isa = PBXFileReference; explicitFileType = wrapper.application; includeInIndex = 0; path = Hoursapp.app; sourceTree = BUILT_PRODUCTS_DIR; };
		87625A2F0AC365503C88560B /* DayViewModelTests.swift */ = {isa = PBXFileReference; lastKnownFileType = sourcecode.swift; path = DayViewModelTests.swift; sourceTree = "<group>"; };
		8A0D162DF65F3D7DC3BD1BB4 /* LaunchAtLogin.swift */ = {isa = PBXFileReference; lastKnownFileType = sourcecode.swift; path = LaunchAtLogin.swift; sourceTree = "<group>"; };
		914725E067D738B9A189BAF9 /* Models.swift */ = {isa = PBXFileReference; lastKnownFileType = sourcecode.swift; path = Models.swift; sourceTree = "<group>"; };
		9237BB14AA22FFB618311C0C /* TestSupport.swift */ = {isa = PBXFileReference; lastKnownFileType = sourcecode.swift; path = TestSupport.swift; sourceTree = "<group>"; };
		951F931C6F92B8C079E4A47C /* TimeFormatTests.swift */ = {isa = PBXFileReference; lastKnownFileType = sourcecode.swift; path = TimeFormatTests.swift; sourceTree = "<group>"; };
		9B1F48D48EDEB48E10754CF8 /* ExportPeriod.swift */ = {isa = PBXFileReference; lastKnownFileType = sourcecode.swift; path = ExportPeriod.swift; sourceTree = "<group>"; };
		A57C68494BF91EF495295754 /* StorageTimerTests.swift */ = {isa = PBXFileReference; lastKnownFileType = sourcecode.swift; path = StorageTimerTests.swift; sourceTree = "<group>"; };
		A93F34B4395079B130275A46 /* StorageTests.swift */ = {isa = PBXFileReference; lastKnownFileType = sourcecode.swift; path = StorageTests.swift; sourceTree = "<group>"; };
		B326BF736AF66D06AAA18929 /* HoursDatabase.swift */ = {isa = PBXFileReference; lastKnownFileType = sourcecode.swift; path = HoursDatabase.swift; sourceTree = "<group>"; };
		C5BABBF77FDF071835F34476 /* SleepWatcher.swift */ = {isa = PBXFileReference; lastKnownFileType = sourcecode.swift; path = SleepWatcher.swift; sourceTree = "<group>"; };
		CAADBEF349FF8C47940238E2 /* ExcelExporter.swift */ = {isa = PBXFileReference; lastKnownFileType = sourcecode.swift; path = ExcelExporter.swift; sourceTree = "<group>"; };
		D663E54A0487AAF52CAA4798 /* SettingsView.swift */ = {isa = PBXFileReference; lastKnownFileType = sourcecode.swift; path = SettingsView.swift; sourceTree = "<group>"; };
		D8CFE355A4CD538A7A547BFC /* HoursappTests.xctest */ = {isa = PBXFileReference; explicitFileType = wrapper.cfbundle; includeInIndex = 0; path = HoursappTests.xctest; sourceTree = BUILT_PRODUCTS_DIR; };
		DA61E67A38EA599B05924639 /* ContentView.swift */ = {isa = PBXFileReference; lastKnownFileType = sourcecode.swift; path = ContentView.swift; sourceTree = "<group>"; };
		DD7E0C26F2E8E0E320BF7DBE /* SettingsWindowController.swift */ = {isa = PBXFileReference; lastKnownFileType = sourcecode.swift; path = SettingsWindowController.swift; sourceTree = "<group>"; };
		E54DAB4982A8053AC9857F5B /* HoursInputTests.swift */ = {isa = PBXFileReference; lastKnownFileType = sourcecode.swift; path = HoursInputTests.swift; sourceTree = "<group>"; };
		E70A41AEE296188BD7D8797F /* XlsxWorkbook.swift */ = {isa = PBXFileReference; lastKnownFileType = sourcecode.swift; path = XlsxWorkbook.swift; sourceTree = "<group>"; };
		E7BB88516389BC53819188C4 /* Migrations.swift */ = {isa = PBXFileReference; lastKnownFileType = sourcecode.swift; path = Migrations.swift; sourceTree = "<group>"; };
/* End PBXFileReference section */

/* Begin PBXFrameworksBuildPhase section */
		4D5E456A7EA29D14B7103ECC /* Frameworks */ = {
			isa = PBXFrameworksBuildPhase;
			buildActionMask = 2147483647;
			files = (
				44285143C91C50F9BC52BBCC /* GRDB in Frameworks */,
				A44379608BFE456B040B6A64 /* ZIPFoundation in Frameworks */,
			);
			runOnlyForDeploymentPostprocessing = 0;
		};
		F0572CC335C9FAD839A4CE13 /* Frameworks */ = {
			isa = PBXFrameworksBuildPhase;
			buildActionMask = 2147483647;
			files = (
				FDA05055CD42168B218C9266 /* GRDB in Frameworks */,
				EF2D417239FC1EF9BE6C021F /* ZIPFoundation in Frameworks */,
			);
			runOnlyForDeploymentPostprocessing = 0;
		};
/* End PBXFrameworksBuildPhase section */

/* Begin PBXGroup section */
		32157801854B039860F67AFB /* Database */ = {
			isa = PBXGroup;
			children = (
				B326BF736AF66D06AAA18929 /* HoursDatabase.swift */,
				E7BB88516389BC53819188C4 /* Migrations.swift */,
				139952800A10A624ED10D3A6 /* Records.swift */,
			);
			path = Database;
			sourceTree = "<group>";
		};
		78307D18A12B940C21F1D511 /* Hoursapp */ = {
			isa = PBXGroup;
			children = (
				325415D88E4E142B396BAC3C /* AppDelegate.swift */,
				1A780A2E2AEFAB77F4703040 /* AppPreferences.swift */,
				2723FE985A198A989329F1EC /* Assets.xcassets */,
				DA61E67A38EA599B05924639 /* ContentView.swift */,
				219FE6AC1ED5702087A4C454 /* DayViewModel.swift */,
				621D7CD39DB6CA6B8CC87503 /* DetectorEngines.swift */,
				0285268E0845ABE709CB5219 /* EntrySheet.swift */,
				40AF4B24886816E74D211668 /* Hoursapp.entitlements */,
				6EE3E96AD447C3F249CBBE7D /* HoursappApp.swift */,
				4F0E09E6EA9D7C31BBA66D3C /* IdleDetector.swift */,
				5804DCDC71B500337E741660 /* Info.plist */,
				8A0D162DF65F3D7DC3BD1BB4 /* LaunchAtLogin.swift */,
				5680C4E0E4202428788A718B /* LongRunDetector.swift */,
				604B30AE4535981EF1467680 /* MenuBarController.swift */,
				914725E067D738B9A189BAF9 /* Models.swift */,
				D663E54A0487AAF52CAA4798 /* SettingsView.swift */,
				DD7E0C26F2E8E0E320BF7DBE /* SettingsWindowController.swift */,
				C5BABBF77FDF071835F34476 /* SleepWatcher.swift */,
				53A7DE17B05FAC23DD027B01 /* Storage.swift */,
				20DFC7E015F2F76D556536AA /* Theme.swift */,
				32157801854B039860F67AFB /* Database */,
				B9F4C8EDE54A1A189B339EBD /* Export */,
			);
			path = Hoursapp;
			sourceTree = "<group>";
		};
		B9F4C8EDE54A1A189B339EBD /* Export */ = {
			isa = PBXGroup;
			children = (
				CAADBEF349FF8C47940238E2 /* ExcelExporter.swift */,
				011B9E754354332F0F7419C0 /* ExportDialog.swift */,
				9B1F48D48EDEB48E10754CF8 /* ExportPeriod.swift */,
				E70A41AEE296188BD7D8797F /* XlsxWorkbook.swift */,
			);
			path = Export;
			sourceTree = "<group>";
		};
		C40F3828F22E4B513129FF04 = {
			isa = PBXGroup;
			children = (
				78307D18A12B940C21F1D511 /* Hoursapp */,
				F2124CE4E4F8281CBDF16E39 /* HoursappTests */,
				EC7B11E789F69490A96D5E79 /* Products */,
			);
			sourceTree = "<group>";
		};
		EC7B11E789F69490A96D5E79 /* Products */ = {
			isa = PBXGroup;
			children = (
				7E423F04005A83FE96D8F3D2 /* Hoursapp.app */,
				D8CFE355A4CD538A7A547BFC /* HoursappTests.xctest */,
			);
			name = Products;
			sourceTree = "<group>";
		};
		F2124CE4E4F8281CBDF16E39 /* HoursappTests */ = {
			isa = PBXGroup;
			children = (
				87625A2F0AC365503C88560B /* DayViewModelTests.swift */,
				65C7C704E808FF15408DE5C7 /* DetectorEngineTests.swift */,
				2FC5BBFD6ACA0753C2A599AB /* ExcelExporterTests.swift */,
				67193C32403CE0B586366A05 /* HoursDatabaseTests.swift */,
				E54DAB4982A8053AC9857F5B /* HoursInputTests.swift */,
				A93F34B4395079B130275A46 /* StorageTests.swift */,
				A57C68494BF91EF495295754 /* StorageTimerTests.swift */,
				9237BB14AA22FFB618311C0C /* TestSupport.swift */,
				951F931C6F92B8C079E4A47C /* TimeFormatTests.swift */,
				45A1DA3BDDAEB03E8F59F9CC /* XlsxWorkbookTests.swift */,
			);
			path = HoursappTests;
			sourceTree = "<group>";
		};
/* End PBXGroup section */

/* Begin PBXNativeTarget section */
		15F172C1704BBEF720673FF9 /* Hoursapp */ = {
			isa = PBXNativeTarget;
			buildConfigurationList = 401611A00CB031F483D10071 /* Build configuration list for PBXNativeTarget "Hoursapp" */;
			buildPhases = (
				57F36459508C73C3DCAD5242 /* Sources */,
				BB846A19E538D3CBBC1DA204 /* Resources */,
				4D5E456A7EA29D14B7103ECC /* Frameworks */,
			);
			buildRules = (
			);
			dependencies = (
			);
			name = Hoursapp;
			packageProductDependencies = (
				6F490FAD032D025AE9300D50 /* GRDB */,
				E66F2F0468675A8A4CCA1358 /* ZIPFoundation */,
			);
			productName = Hoursapp;
			productReference = 7E423F04005A83FE96D8F3D2 /* Hoursapp.app */;
			productType = "com.apple.product-type.application";
		};
		CB930398B2D57CD75EB6722B /* HoursappTests */ = {
			isa = PBXNativeTarget;
			buildConfigurationList = 9008E544EA9CF4EEFB3FC832 /* Build configuration list for PBXNativeTarget "HoursappTests" */;
			buildPhases = (
				96E68D9D4CEC432B4B7F8B78 /* Sources */,
				F0572CC335C9FAD839A4CE13 /* Frameworks */,
			);
			buildRules = (
			);
			dependencies = (
				3370BF71D4364E57BA4C7F51 /* PBXTargetDependency */,
			);
			name = HoursappTests;
			packageProductDependencies = (
				9013E1F1EA3B6E5B072593FB /* GRDB */,
				93E100FF53184C615DEA7073 /* ZIPFoundation */,
			);
			productName = HoursappTests;
			productReference = D8CFE355A4CD538A7A547BFC /* HoursappTests.xctest */;
			productType = "com.apple.product-type.bundle.unit-test";
		};
/* End PBXNativeTarget section */

/* Begin PBXProject section */
		052C15B52058CACB95AA0A61 /* Project object */ = {
			isa = PBXProject;
			attributes = {
				BuildIndependentTargetsInParallel = YES;
				LastUpgradeCheck = 1430;
				TargetAttributes = {
					15F172C1704BBEF720673FF9 = {
						DevelopmentTeam = "";
						ProvisioningStyle = Automatic;
					};
					CB930398B2D57CD75EB6722B = {
						DevelopmentTeam = "";
						ProvisioningStyle = Automatic;
					};
				};
			};
			buildConfigurationList = 5A491F6EECC89BE3ED9BE6BD /* Build configuration list for PBXProject "Hoursapp" */;
			developmentRegion = en;
			hasScannedForEncodings = 0;
			knownRegions = (
				Base,
				en,
			);
			mainGroup = C40F3828F22E4B513129FF04;
			minimizedProjectReferenceProxies = 1;
			packageReferences = (
				DEBA5AA2D9E7CED07974CDFE /* XCRemoteSwiftPackageReference "GRDB.swift" */,
				C686E06FCD2C9D6DA430EFF1 /* XCRemoteSwiftPackageReference "ZIPFoundation" */,
			);
			preferredProjectObjectVersion = 77;
			productRefGroup = EC7B11E789F69490A96D5E79 /* Products */;
			projectDirPath = "";
			projectRoot = "";
			targets = (
				15F172C1704BBEF720673FF9 /* Hoursapp */,
				CB930398B2D57CD75EB6722B /* HoursappTests */,
			);
		};
/* End PBXProject section */

/* Begin PBXResourcesBuildPhase section */
		BB846A19E538D3CBBC1DA204 /* Resources */ = {
			isa = PBXResourcesBuildPhase;
			buildActionMask = 2147483647;
			files = (
				A366D3B0AD82933F60D90019 /* Assets.xcassets in Resources */,
			);
			runOnlyForDeploymentPostprocessing = 0;
		};
/* End PBXResourcesBuildPhase section */

/* Begin PBXSourcesBuildPhase section */
		57F36459508C73C3DCAD5242 /* Sources */ = {
			isa = PBXSourcesBuildPhase;
			buildActionMask = 2147483647;
			files = (
				4086E91D4343AB7AF0C165CC /* AppDelegate.swift in Sources */,
				DA9DD3D0F4AF4178696585A1 /* AppPreferences.swift in Sources */,
				8B92ECF8872245F993C2BB8B /* ContentView.swift in Sources */,
				083750E2CF7C20A38307952C /* DayViewModel.swift in Sources */,
				C2B6E05463F23F3CD94C41C0 /* DetectorEngines.swift in Sources */,
				248F2A8BF50E8876BF987CD4 /* EntrySheet.swift in Sources */,
				6F47A6992768F90643D0807B /* ExcelExporter.swift in Sources */,
				6D9F56D26C2CDF9F30FAA4EE /* ExportDialog.swift in Sources */,
				9AFE7E4BECBEC39C95EDBA3F /* ExportPeriod.swift in Sources */,
				734D07058BE04467FCAB9EC3 /* HoursDatabase.swift in Sources */,
				C901366E8DCED5540022105C /* HoursappApp.swift in Sources */,
				0DD66434492EDE731E45B9F7 /* IdleDetector.swift in Sources */,
				5882160E582579CE2931F4E7 /* LaunchAtLogin.swift in Sources */,
				33B5A21D9E223A1C341EBCB9 /* LongRunDetector.swift in Sources */,
				0FC7400029712968F3C501E2 /* MenuBarController.swift in Sources */,
				48AF3619957891599F537139 /* Migrations.swift in Sources */,
				4A1C085D7628A8B37CD12C4E /* Models.swift in Sources */,
				D9D092F811CAE2F31A466264 /* Records.swift in Sources */,
				EFACFD51D6E22BAFAB7C4EBD /* SettingsView.swift in Sources */,
				90C994774BA0C8826D9023CD /* SettingsWindowController.swift in Sources */,
				9FC317AFF84159A753A5E267 /* SleepWatcher.swift in Sources */,
				C97D37CF16BCA8BB8876174F /* Storage.swift in Sources */,
				9A295A83C3BD5222495F55B4 /* Theme.swift in Sources */,
				30F2E7C9A002F2899F13B3D2 /* XlsxWorkbook.swift in Sources */,
			);
			runOnlyForDeploymentPostprocessing = 0;
		};
		96E68D9D4CEC432B4B7F8B78 /* Sources */ = {
			isa = PBXSourcesBuildPhase;
			buildActionMask = 2147483647;
			files = (
				D66A11094CAA5B8A4DFFDC9B /* DayViewModelTests.swift in Sources */,
				07290D1FFFF28F5D9F029391 /* DetectorEngineTests.swift in Sources */,
				FF17F0D936ED2FF99CBCD6CA /* ExcelExporterTests.swift in Sources */,
				61C5D6552A77851B0839573B /* HoursDatabaseTests.swift in Sources */,
				C7CC5FC96148C585F7004487 /* HoursInputTests.swift in Sources */,
				C9593BABA387A1A30399F5EA /* StorageTests.swift in Sources */,
				38025F5FC36DE36AEDC4AF5A /* StorageTimerTests.swift in Sources */,
				93B601D9AF9910794970A252 /* TestSupport.swift in Sources */,
				5E4F9CA59E1FB22CF0750077 /* TimeFormatTests.swift in Sources */,
				345D76F0DDD5EF60F457E170 /* XlsxWorkbookTests.swift in Sources */,
			);
			runOnlyForDeploymentPostprocessing = 0;
		};
/* End PBXSourcesBuildPhase section */

/* Begin PBXTargetDependency section */
		3370BF71D4364E57BA4C7F51 /* PBXTargetDependency */ = {
			isa = PBXTargetDependency;
			target = 15F172C1704BBEF720673FF9 /* Hoursapp */;
			targetProxy = 8CC308D441631968632BBC0E /* PBXContainerItemProxy */;
		};
/* End PBXTargetDependency section */

/* Begin XCBuildConfiguration section */
		55ABD5874F9415D95B1E4264 /* Debug */ = {
			isa = XCBuildConfiguration;
			buildSettings = {
				ALWAYS_SEARCH_USER_PATHS = NO;
				CLANG_ANALYZER_NONNULL = YES;
				CLANG_ANALYZER_NUMBER_OBJECT_CONVERSION = YES_AGGRESSIVE;
				CLANG_CXX_LANGUAGE_STANDARD = "gnu++14";
				CLANG_CXX_LIBRARY = "libc++";
				CLANG_ENABLE_MODULES = YES;
				CLANG_ENABLE_OBJC_ARC = YES;
				CLANG_ENABLE_OBJC_WEAK = YES;
				CLANG_WARN_BLOCK_CAPTURE_AUTORELEASING = YES;
				CLANG_WARN_BOOL_CONVERSION = YES;
				CLANG_WARN_COMMA = YES;
				CLANG_WARN_CONSTANT_CONVERSION = YES;
				CLANG_WARN_DEPRECATED_OBJC_IMPLEMENTATIONS = YES;
				CLANG_WARN_DIRECT_OBJC_ISA_USAGE = YES_ERROR;
				CLANG_WARN_DOCUMENTATION_COMMENTS = YES;
				CLANG_WARN_EMPTY_BODY = YES;
				CLANG_WARN_ENUM_CONVERSION = YES;
				CLANG_WARN_INFINITE_RECURSION = YES;
				CLANG_WARN_INT_CONVERSION = YES;
				CLANG_WARN_NON_LITERAL_NULL_CONVERSION = YES;
				CLANG_WARN_OBJC_IMPLICIT_RETAIN_SELF = YES;
				CLANG_WARN_OBJC_LITERAL_CONVERSION = YES;
				CLANG_WARN_OBJC_ROOT_CLASS = YES_ERROR;
				CLANG_WARN_QUOTED_INCLUDE_IN_FRAMEWORK_HEADER = YES;
				CLANG_WARN_RANGE_LOOP_ANALYSIS = YES;
				CLANG_WARN_STRICT_PROTOTYPES = YES;
				CLANG_WARN_SUSPICIOUS_MOVE = YES;
				CLANG_WARN_UNGUARDED_AVAILABILITY = YES_AGGRESSIVE;
				CLANG_WARN_UNREACHABLE_CODE = YES;
				CLANG_WARN__DUPLICATE_METHOD_MATCH = YES;
				CODE_SIGN_IDENTITY = "-";
				CODE_SIGN_STYLE = Automatic;
				COPY_PHASE_STRIP = NO;
				DEBUG_INFORMATION_FORMAT = dwarf;
				DEVELOPMENT_TEAM = "";
				ENABLE_HARDENED_RUNTIME = YES;
				ENABLE_STRICT_OBJC_MSGSEND = YES;
				ENABLE_TESTABILITY = YES;
				GCC_C_LANGUAGE_STANDARD = gnu11;
				GCC_DYNAMIC_NO_PIC = NO;
				GCC_NO_COMMON_BLOCKS = YES;
				GCC_OPTIMIZATION_LEVEL = 0;
				GCC_PREPROCESSOR_DEFINITIONS = (
					"$(inherited)",
					"DEBUG=1",
				);
				GCC_WARN_64_TO_32_BIT_CONVERSION = YES;
				GCC_WARN_ABOUT_RETURN_TYPE = YES_ERROR;
				GCC_WARN_UNDECLARED_SELECTOR = YES;
				GCC_WARN_UNINITIALIZED_AUTOS = YES_AGGRESSIVE;
				GCC_WARN_UNUSED_FUNCTION = YES;
				GCC_WARN_UNUSED_VARIABLE = YES;
				MACOSX_DEPLOYMENT_TARGET = 14.0;
				MTL_ENABLE_DEBUG_INFO = INCLUDE_SOURCE;
				MTL_FAST_MATH = YES;
				ONLY_ACTIVE_ARCH = YES;
				PRODUCT_NAME = "$(TARGET_NAME)";
				SDKROOT = macosx;
				SWIFT_ACTIVE_COMPILATION_CONDITIONS = DEBUG;
				SWIFT_OPTIMIZATION_LEVEL = "-Onone";
				SWIFT_VERSION = 5.10;
			};
			name = Debug;
		};
		573040A05C0EC8A85E355C6B /* Debug */ = {
			isa = XCBuildConfiguration;
			buildSettings = {
				ASSETCATALOG_COMPILER_APPICON_NAME = AppIcon;
				CODE_SIGN_ENTITLEMENTS = Hoursapp/Hoursapp.entitlements;
				COMBINE_HIDPI_IMAGES = YES;
				ENABLE_PREVIEWS = YES;
				GENERATE_INFOPLIST_FILE = NO;
				INFOPLIST_FILE = Hoursapp/Info.plist;
				LD_RUNPATH_SEARCH_PATHS = "$(inherited) @executable_path/../Frameworks";
				PRODUCT_BUNDLE_IDENTIFIER = com.mikko.hoursapp;
				SDKROOT = macosx;
			};
			name = Debug;
		};
		5EC7832EB8BB8BB0D107359B /* Release */ = {
			isa = XCBuildConfiguration;
			buildSettings = {
				ALWAYS_SEARCH_USER_PATHS = NO;
				CLANG_ANALYZER_NONNULL = YES;
				CLANG_ANALYZER_NUMBER_OBJECT_CONVERSION = YES_AGGRESSIVE;
				CLANG_CXX_LANGUAGE_STANDARD = "gnu++14";
				CLANG_CXX_LIBRARY = "libc++";
				CLANG_ENABLE_MODULES = YES;
				CLANG_ENABLE_OBJC_ARC = YES;
				CLANG_ENABLE_OBJC_WEAK = YES;
				CLANG_WARN_BLOCK_CAPTURE_AUTORELEASING = YES;
				CLANG_WARN_BOOL_CONVERSION = YES;
				CLANG_WARN_COMMA = YES;
				CLANG_WARN_CONSTANT_CONVERSION = YES;
				CLANG_WARN_DEPRECATED_OBJC_IMPLEMENTATIONS = YES;
				CLANG_WARN_DIRECT_OBJC_ISA_USAGE = YES_ERROR;
				CLANG_WARN_DOCUMENTATION_COMMENTS = YES;
				CLANG_WARN_EMPTY_BODY = YES;
				CLANG_WARN_ENUM_CONVERSION = YES;
				CLANG_WARN_INFINITE_RECURSION = YES;
				CLANG_WARN_INT_CONVERSION = YES;
				CLANG_WARN_NON_LITERAL_NULL_CONVERSION = YES;
				CLANG_WARN_OBJC_IMPLICIT_RETAIN_SELF = YES;
				CLANG_WARN_OBJC_LITERAL_CONVERSION = YES;
				CLANG_WARN_OBJC_ROOT_CLASS = YES_ERROR;
				CLANG_WARN_QUOTED_INCLUDE_IN_FRAMEWORK_HEADER = YES;
				CLANG_WARN_RANGE_LOOP_ANALYSIS = YES;
				CLANG_WARN_STRICT_PROTOTYPES = YES;
				CLANG_WARN_SUSPICIOUS_MOVE = YES;
				CLANG_WARN_UNGUARDED_AVAILABILITY = YES_AGGRESSIVE;
				CLANG_WARN_UNREACHABLE_CODE = YES;
				CLANG_WARN__DUPLICATE_METHOD_MATCH = YES;
				CODE_SIGN_IDENTITY = "-";
				CODE_SIGN_STYLE = Automatic;
				COPY_PHASE_STRIP = NO;
				DEBUG_INFORMATION_FORMAT = "dwarf-with-dsym";
				DEVELOPMENT_TEAM = "";
				ENABLE_HARDENED_RUNTIME = YES;
				ENABLE_NS_ASSERTIONS = NO;
				ENABLE_STRICT_OBJC_MSGSEND = YES;
				GCC_C_LANGUAGE_STANDARD = gnu11;
				GCC_NO_COMMON_BLOCKS = YES;
				GCC_WARN_64_TO_32_BIT_CONVERSION = YES;
				GCC_WARN_ABOUT_RETURN_TYPE = YES_ERROR;
				GCC_WARN_UNDECLARED_SELECTOR = YES;
				GCC_WARN_UNINITIALIZED_AUTOS = YES_AGGRESSIVE;
				GCC_WARN_UNUSED_FUNCTION = YES;
				GCC_WARN_UNUSED_VARIABLE = YES;
				MACOSX_DEPLOYMENT_TARGET = 14.0;
				MTL_ENABLE_DEBUG_INFO = NO;
				MTL_FAST_MATH = YES;
				PRODUCT_NAME = "$(TARGET_NAME)";
				SDKROOT = macosx;
				SWIFT_COMPILATION_MODE = wholemodule;
				SWIFT_OPTIMIZATION_LEVEL = "-O";
				SWIFT_VERSION = 5.10;
			};
			name = Release;
		};
		7D4B4163E8D9E52C5A9CCF27 /* Release */ = {
			isa = XCBuildConfiguration;
			buildSettings = {
				ASSETCATALOG_COMPILER_APPICON_NAME = AppIcon;
				CODE_SIGN_ENTITLEMENTS = Hoursapp/Hoursapp.entitlements;
				COMBINE_HIDPI_IMAGES = YES;
				ENABLE_PREVIEWS = YES;
				GENERATE_INFOPLIST_FILE = NO;
				INFOPLIST_FILE = Hoursapp/Info.plist;
				LD_RUNPATH_SEARCH_PATHS = "$(inherited) @executable_path/../Frameworks";
				PRODUCT_BUNDLE_IDENTIFIER = com.mikko.hoursapp;
				SDKROOT = macosx;
			};
			name = Release;
		};
		848D86CACB6C633CD56AC691 /* Release */ = {
			isa = XCBuildConfiguration;
			buildSettings = {
				BUNDLE_LOADER = "$(TEST_HOST)";
				COMBINE_HIDPI_IMAGES = YES;
				GENERATE_INFOPLIST_FILE = YES;
				LD_RUNPATH_SEARCH_PATHS = (
					"$(inherited)",
					"@executable_path/../Frameworks",
					"@loader_path/../Frameworks",
				);
				PRODUCT_BUNDLE_IDENTIFIER = com.mikko.hoursapp.tests;
				SDKROOT = macosx;
				TEST_HOST = "$(BUILT_PRODUCTS_DIR)/Hoursapp.app/Contents/MacOS/Hoursapp";
			};
			name = Release;
		};
		A564B25FE2D4A4A42750F942 /* Debug */ = {
			isa = XCBuildConfiguration;
			buildSettings = {
				BUNDLE_LOADER = "$(TEST_HOST)";
				COMBINE_HIDPI_IMAGES = YES;
				GENERATE_INFOPLIST_FILE = YES;
				LD_RUNPATH_SEARCH_PATHS = (
					"$(inherited)",
					"@executable_path/../Frameworks",
					"@loader_path/../Frameworks",
				);
				PRODUCT_BUNDLE_IDENTIFIER = com.mikko.hoursapp.tests;
				SDKROOT = macosx;
				TEST_HOST = "$(BUILT_PRODUCTS_DIR)/Hoursapp.app/Contents/MacOS/Hoursapp";
			};
			name = Debug;
		};
/* End XCBuildConfiguration section */

/* Begin XCConfigurationList section */
		401611A00CB031F483D10071 /* Build configuration list for PBXNativeTarget "Hoursapp" */ = {
			isa = XCConfigurationList;
			buildConfigurations = (
				573040A05C0EC8A85E355C6B /* Debug */,
				7D4B4163E8D9E52C5A9CCF27 /* Release */,
			);
			defaultConfigurationIsVisible = 0;
			defaultConfigurationName = Debug;
		};
		5A491F6EECC89BE3ED9BE6BD /* Build configuration list for PBXProject "Hoursapp" */ = {
			isa = XCConfigurationList;
			buildConfigurations = (
				55ABD5874F9415D95B1E4264 /* Debug */,
				5EC7832EB8BB8BB0D107359B /* Release */,
			);
			defaultConfigurationIsVisible = 0;
			defaultConfigurationName = Debug;
		};
		9008E544EA9CF4EEFB3FC832 /* Build configuration list for PBXNativeTarget "HoursappTests" */ = {
			isa = XCConfigurationList;
			buildConfigurations = (
				A564B25FE2D4A4A42750F942 /* Debug */,
				848D86CACB6C633CD56AC691 /* Release */,
			);
			defaultConfigurationIsVisible = 0;
			defaultConfigurationName = Debug;
		};
/* End XCConfigurationList section */

/* Begin XCRemoteSwiftPackageReference section */
		C686E06FCD2C9D6DA430EFF1 /* XCRemoteSwiftPackageReference "ZIPFoundation" */ = {
			isa = XCRemoteSwiftPackageReference;
			repositoryURL = "https://github.com/weichsel/ZIPFoundation";
			requirement = {
				kind = upToNextMajorVersion;
				minimumVersion = 0.9.16;
			};
		};
		DEBA5AA2D9E7CED07974CDFE /* XCRemoteSwiftPackageReference "GRDB.swift" */ = {
			isa = XCRemoteSwiftPackageReference;
			repositoryURL = "https://github.com/groue/GRDB.swift";
			requirement = {
				kind = upToNextMajorVersion;
				minimumVersion = 6.29.0;
			};
		};
/* End XCRemoteSwiftPackageReference section */

/* Begin XCSwiftPackageProductDependency section */
		6F490FAD032D025AE9300D50 /* GRDB */ = {
			isa = XCSwiftPackageProductDependency;
			package = DEBA5AA2D9E7CED07974CDFE /* XCRemoteSwiftPackageReference "GRDB.swift" */;
			productName = GRDB;
		};
		9013E1F1EA3B6E5B072593FB /* GRDB */ = {
			isa = XCSwiftPackageProductDependency;
			package = DEBA5AA2D9E7CED07974CDFE /* XCRemoteSwiftPackageReference "GRDB.swift" */;
			productName = GRDB;
		};
		93E100FF53184C615DEA7073 /* ZIPFoundation */ = {
			isa = XCSwiftPackageProductDependency;
			package = C686E06FCD2C9D6DA430EFF1 /* XCRemoteSwiftPackageReference "ZIPFoundation" */;
			productName = ZIPFoundation;
		};
		E66F2F0468675A8A4CCA1358 /* ZIPFoundation */ = {
			isa = XCSwiftPackageProductDependency;
			package = C686E06FCD2C9D6DA430EFF1 /* XCRemoteSwiftPackageReference "ZIPFoundation" */;
			productName = ZIPFoundation;
		};
/* End XCSwiftPackageProductDependency section */
	};
	rootObject = 052C15B52058CACB95AA0A61 /* Project object */;
}
